
Microsoft Visual Studio Solution File, Format Version 12.00
# Visual Studio Version 16
VisualStudioVersion = 25.0.1704.4
MinimumVisualStudioVersion = 10.0.40219.1
Project("{FAE04EC0-301F-11D3-BF4B-00C04F79EFBC}") = "fourth_lab", "fourth_lab\fourth_lab.csproj", "{2445C1D5-7B2D-4F09-B0C4-7FF6A821B747}"
EndProject
Global
	GlobalSection(SolutionConfigurationPlatforms) = preSolution
		Debug|Any CPU = Debug|Any CPU
		Release|Any CPU = Release|Any CPU
	EndGlobalSection
	GlobalSection(ProjectConfigurationPlatforms) = postSolution
		{2445C1D5-7B2D-4F09-B0C4-7FF6A821B747}.Debug|Any CPU.ActiveCfg = Debug|Any CPU
		{2445C1D5-7B2D-4F09-B0C4-7FF6A821B747}.Debug|Any CPU.Build.0 = Debug|Any CPU
		{2445C1D5-7B2D-4F09-B0C4-7FF6A821B747}.Release|Any CPU.ActiveCfg = Release|Any CPU
		{2445C1D5-7B2D-4F09-B0C4-7FF6A821B747}.Release|Any CPU.Build.0 = Release|Any CPU
	EndGlobalSection
	GlobalSection(SolutionProperties) = preSolution
		HideSolutionNode = FALSE
	EndGlobalSection
	GlobalSection(ExtensibilityGlobals) = postSolution
		SolutionGuid = {8D4FCB13-4816-4F78-8E89-BF909BDC5AE6}
	EndGlobalSection
EndGlobal
